
Microsoft Visual Studio Solution File, Format Version 12.00
# Visual Studio Version 17
VisualStudioVersion = 17.7.34024.191
MinimumVisualStudioVersion = 10.0.40219.1
Project("{FAE04EC0-301F-11D3-BF4B-00C04F79EFBC}") = "Smirnova_lab5", "Smirnova_lab5.csproj", "{B8BD3E77-5E18-4F25-B32C-07F64C16EACA}"
EndProject
Global
	GlobalSection(SolutionConfigurationPlatforms) = preSolution
		Debug|Any CPU = Debug|Any CPU
		Release|Any CPU = Release|Any CPU
	EndGlobalSection
	GlobalSection(ProjectConfigurationPlatforms) = postSolution
		{B8BD3E77-5E18-4F25-B32C-07F64C16EACA}.Debug|Any CPU.ActiveCfg = Debug|Any CPU
		{B8BD3E77-5E18-4F25-B32C-07F64C16EACA}.Debug|Any CPU.Build.0 = Debug|Any CPU
		{B8BD3E77-5E18-4F25-B32C-07F64C16EACA}.Release|Any CPU.ActiveCfg = Release|Any CPU
		{B8BD3E77-5E18-4F25-B32C-07F64C16EACA}.Release|Any CPU.Build.0 = Release|Any CPU
	EndGlobalSection
	GlobalSection(SolutionProperties) = preSolution
		HideSolutionNode = FALSE
	EndGlobalSection
	GlobalSection(ExtensibilityGlobals) = postSolution
		SolutionGuid = {AE89093B-A4B5-4A77-8FC3-1CAE2E024E80}
	EndGlobalSection
EndGlobal
